
Microsoft Visual Studio Solution File, Format Version 12.00
# Visual Studio Version 17
VisualStudioVersion = 17.5.002.0
MinimumVisualStudioVersion = 10.0.40219.1
Project("{9A19103F-16F7-4668-BE54-9A1E7A4F7556}") = "day01", "day01\day01.csproj", "{6F2966A3-25FB-406E-8D36-4C2960FF8F4C}"
EndProject
Project("{9A19103F-16F7-4668-BE54-9A1E7A4F7556}") = "day01b", "day01b\day01b.csproj", "{49635B6F-4631-4947-8342-0431A43CCC38}"
EndProject
Project("{FAE04EC0-301F-11D3-BF4B-00C04F79EFBC}") = "proj2", "day02\proj2.csproj", "{D80FAC8F-E1FE-468B-9FC7-60E07F8EFB23}"
EndProject
Project("{FAE04EC0-301F-11D3-BF4B-00C04F79EFBC}") = "proj2b", "day02b\proj2b.csproj", "{26336117-A018-4083-9498-09B2EE669CAB}"
EndProject
Project("{FAE04EC0-301F-11D3-BF4B-00C04F79EFBC}") = "proj4", "day04\proj4.csproj", "{1A9F43B8-C3F3-46D3-9E59-C790C0712923}"
EndProject
Project("{FAE04EC0-301F-11D3-BF4B-00C04F79EFBC}") = "proj5", "day05\proj5.csproj", "{E8AF59BB-9EB5-43AA-A117-E817DC663309}"
EndProject
Project("{FAE04EC0-301F-11D3-BF4B-00C04F79EFBC}") = "proj6", "day06\proj6.csproj", "{7696B6D8-A803-4B1C-BAF5-4AC2E8321520}"
EndProject
Project("{FAE04EC0-301F-11D3-BF4B-00C04F79EFBC}") = "proj7", "day07\proj7.csproj", "{81A6A4F0-2C45-4EA8-92A1-D6176334D180}"
EndProject
Project("{FAE04EC0-301F-11D3-BF4B-00C04F79EFBC}") = "proj8", "day08\proj8.csproj", "{791BBDAA-32E9-4ADE-938D-6045654C29AF}"
EndProject
Project("{FAE04EC0-301F-11D3-BF4B-00C04F79EFBC}") = "proj9", "day09\proj9.csproj", "{BF68C6F4-7143-4F4D-BFC8-88F36698E546}"
EndProject
Project("{FAE04EC0-301F-11D3-BF4B-00C04F79EFBC}") = "proj10", "day10\proj10.csproj", "{D892D5C7-1D51-42DA-9457-0FCB37D187C0}"
EndProject
Project("{FAE04EC0-301F-11D3-BF4B-00C04F79EFBC}") = "proj11", "day11\proj11.csproj", "{9A7FDB85-E05F-4EC5-8533-29D52394519F}"
EndProject
Project("{FAE04EC0-301F-11D3-BF4B-00C04F79EFBC}") = "day12", "day12\day12.csproj", "{AED0A80C-6874-409E-9401-18D6C18F61EB}"
EndProject
Project("{FAE04EC0-301F-11D3-BF4B-00C04F79EFBC}") = "day14", "day14\day14.csproj", "{191FB5AD-EA14-42EB-BEA9-C2B30D355C8D}"
EndProject
Global
	GlobalSection(SolutionConfigurationPlatforms) = preSolution
		Debug|Any CPU = Debug|Any CPU
		Release|Any CPU = Release|Any CPU
	EndGlobalSection
	GlobalSection(ProjectConfigurationPlatforms) = postSolution
		{6F2966A3-25FB-406E-8D36-4C2960FF8F4C}.Debug|Any CPU.ActiveCfg = Debug|Any CPU
		{6F2966A3-25FB-406E-8D36-4C2960FF8F4C}.Debug|Any CPU.Build.0 = Debug|Any CPU
		{6F2966A3-25FB-406E-8D36-4C2960FF8F4C}.Release|Any CPU.ActiveCfg = Release|Any CPU
		{6F2966A3-25FB-406E-8D36-4C2960FF8F4C}.Release|Any CPU.Build.0 = Release|Any CPU
		{49635B6F-4631-4947-8342-0431A43CCC38}.Debug|Any CPU.ActiveCfg = Debug|Any CPU
		{49635B6F-4631-4947-8342-0431A43CCC38}.Debug|Any CPU.Build.0 = Debug|Any CPU
		{49635B6F-4631-4947-8342-0431A43CCC38}.Release|Any CPU.ActiveCfg = Release|Any CPU
		{49635B6F-4631-4947-8342-0431A43CCC38}.Release|Any CPU.Build.0 = Release|Any CPU
		{D80FAC8F-E1FE-468B-9FC7-60E07F8EFB23}.Debug|Any CPU.ActiveCfg = Debug|Any CPU
		{D80FAC8F-E1FE-468B-9FC7-60E07F8EFB23}.Debug|Any CPU.Build.0 = Debug|Any CPU
		{D80FAC8F-E1FE-468B-9FC7-60E07F8EFB23}.Release|Any CPU.ActiveCfg = Release|Any CPU
		{D80FAC8F-E1FE-468B-9FC7-60E07F8EFB23}.Release|Any CPU.Build.0 = Release|Any CPU
		{26336117-A018-4083-9498-09B2EE669CAB}.Debug|Any CPU.ActiveCfg = Debug|Any CPU
		{26336117-A018-4083-9498-09B2EE669CAB}.Debug|Any CPU.Build.0 = Debug|Any CPU
		{26336117-A018-4083-9498-09B2EE669CAB}.Release|Any CPU.ActiveCfg = Release|Any CPU
		{26336117-A018-4083-9498-09B2EE669CAB}.Release|Any CPU.Build.0 = Release|Any CPU
		{1A9F43B8-C3F3-46D3-9E59-C790C0712923}.Debug|Any CPU.ActiveCfg = Debug|Any CPU
		{1A9F43B8-C3F3-46D3-9E59-C790C0712923}.Debug|Any CPU.Build.0 = Debug|Any CPU
		{1A9F43B8-C3F3-46D3-9E59-C790C0712923}.Release|Any CPU.ActiveCfg = Release|Any CPU
		{1A9F43B8-C3F3-46D3-9E59-C790C0712923}.Release|Any CPU.Build.0 = Release|Any CPU
		{E8AF59BB-9EB5-43AA-A117-E817DC663309}.Debug|Any CPU.ActiveCfg = Debug|Any CPU
		{E8AF59BB-9EB5-43AA-A117-E817DC663309}.Debug|Any CPU.Build.0 = Debug|Any CPU
		{E8AF59BB-9EB5-43AA-A117-E817DC663309}.Release|Any CPU.ActiveCfg = Release|Any CPU
		{E8AF59BB-9EB5-43AA-A117-E817DC663309}.Release|Any CPU.Build.0 = Release|Any CPU
		{7696B6D8-A803-4B1C-BAF5-4AC2E8321520}.Debug|Any CPU.ActiveCfg = Debug|Any CPU
		{7696B6D8-A803-4B1C-BAF5-4AC2E8321520}.Debug|Any CPU.Build.0 = Debug|Any CPU
		{7696B6D8-A803-4B1C-BAF5-4AC2E8321520}.Release|Any CPU.ActiveCfg = Release|Any CPU
		{7696B6D8-A803-4B1C-BAF5-4AC2E8321520}.Release|Any CPU.Build.0 = Release|Any CPU
		{81A6A4F0-2C45-4EA8-92A1-D6176334D180}.Debug|Any CPU.ActiveCfg = Debug|Any CPU
		{81A6A4F0-2C45-4EA8-92A1-D6176334D180}.Debug|Any CPU.Build.0 = Debug|Any CPU
		{81A6A4F0-2C45-4EA8-92A1-D6176334D180}.Release|Any CPU.ActiveCfg = Release|Any CPU
		{81A6A4F0-2C45-4EA8-92A1-D6176334D180}.Release|Any CPU.Build.0 = Release|Any CPU
		{791BBDAA-32E9-4ADE-938D-6045654C29AF}.Debug|Any CPU.ActiveCfg = Debug|Any CPU
		{791BBDAA-32E9-4ADE-938D-6045654C29AF}.Debug|Any CPU.Build.0 = Debug|Any CPU
		{791BBDAA-32E9-4ADE-938D-6045654C29AF}.Release|Any CPU.ActiveCfg = Release|Any CPU
		{791BBDAA-32E9-4ADE-938D-6045654C29AF}.Release|Any CPU.Build.0 = Release|Any CPU
		{BF68C6F4-7143-4F4D-BFC8-88F36698E546}.Debug|Any CPU.ActiveCfg = Debug|Any CPU
		{BF68C6F4-7143-4F4D-BFC8-88F36698E546}.Debug|Any CPU.Build.0 = Debug|Any CPU
		{BF68C6F4-7143-4F4D-BFC8-88F36698E546}.Release|Any CPU.ActiveCfg = Release|Any CPU
		{BF68C6F4-7143-4F4D-BFC8-88F36698E546}.Release|Any CPU.Build.0 = Release|Any CPU
		{D892D5C7-1D51-42DA-9457-0FCB37D187C0}.Debug|Any CPU.ActiveCfg = Debug|Any CPU
		{D892D5C7-1D51-42DA-9457-0FCB37D187C0}.Debug|Any CPU.Build.0 = Debug|Any CPU
		{D892D5C7-1D51-42DA-9457-0FCB37D187C0}.Release|Any CPU.ActiveCfg = Release|Any CPU
		{D892D5C7-1D51-42DA-9457-0FCB37D187C0}.Release|Any CPU.Build.0 = Release|Any CPU
		{9A7FDB85-E05F-4EC5-8533-29D52394519F}.Debug|Any CPU.ActiveCfg = Debug|Any CPU
		{9A7FDB85-E05F-4EC5-8533-29D52394519F}.Debug|Any CPU.Build.0 = Debug|Any CPU
		{9A7FDB85-E05F-4EC5-8533-29D52394519F}.Release|Any CPU.ActiveCfg = Release|Any CPU
		{9A7FDB85-E05F-4EC5-8533-29D52394519F}.Release|Any CPU.Build.0 = Release|Any CPU
		{AED0A80C-6874-409E-9401-18D6C18F61EB}.Debug|Any CPU.ActiveCfg = Debug|Any CPU
		{AED0A80C-6874-409E-9401-18D6C18F61EB}.Debug|Any CPU.Build.0 = Debug|Any CPU
		{AED0A80C-6874-409E-9401-18D6C18F61EB}.Release|Any CPU.ActiveCfg = Release|Any CPU
		{AED0A80C-6874-409E-9401-18D6C18F61EB}.Release|Any CPU.Build.0 = Release|Any CPU
		{191FB5AD-EA14-42EB-BEA9-C2B30D355C8D}.Debug|Any CPU.ActiveCfg = Debug|Any CPU
		{191FB5AD-EA14-42EB-BEA9-C2B30D355C8D}.Debug|Any CPU.Build.0 = Debug|Any CPU
		{191FB5AD-EA14-42EB-BEA9-C2B30D355C8D}.Release|Any CPU.ActiveCfg = Release|Any CPU
		{191FB5AD-EA14-42EB-BEA9-C2B30D355C8D}.Release|Any CPU.Build.0 = Release|Any CPU
	EndGlobalSection
	GlobalSection(SolutionProperties) = preSolution
		HideSolutionNode = FALSE
	EndGlobalSection
	GlobalSection(ExtensibilityGlobals) = postSolution
		SolutionGuid = {DB9470CC-2253-48E4-A6A3-C99F260E1C4F}
	EndGlobalSection
EndGlobal
