
Microsoft Visual Studio Solution File, Format Version 12.00
# Visual Studio Version 17
VisualStudioVersion = 17.5.002.0
MinimumVisualStudioVersion = 10.0.40219.1
Project("{9A19103F-16F7-4668-BE54-9A1E7A4F7556}") = "day01", "day01\day01.csproj", "{6F2966A3-25FB-406E-8D36-4C2960FF8F4C}"
EndProject
Project("{9A19103F-16F7-4668-BE54-9A1E7A4F7556}") = "day01 (1)", "day01b\day01.csproj", "{49635B6F-4631-4947-8342-0431A43CCC38}"
EndProject
Project("{FAE04EC0-301F-11D3-BF4B-00C04F79EFBC}") = "proj", "day02\proj.csproj", "{D80FAC8F-E1FE-468B-9FC7-60E07F8EFB23}"
EndProject
Project("{FAE04EC0-301F-11D3-BF4B-00C04F79EFBC}") = "proj", "day02b\proj.csproj", "{26336117-A018-4083-9498-09B2EE669CAB}"
EndProject
Project("{FAE04EC0-301F-11D3-BF4B-00C04F79EFBC}") = "proj", "day04\proj.csproj", "{1A9F43B8-C3F3-46D3-9E59-C790C0712923}"
EndProject
Project("{FAE04EC0-301F-11D3-BF4B-00C04F79EFBC}") = "proj", "day05\proj.csproj", "{E8AF59BB-9EB5-43AA-A117-E817DC663309}"
EndProject
Global
	GlobalSection(SolutionConfigurationPlatforms) = preSolution
		Debug|Any CPU = Debug|Any CPU
		Release|Any CPU = Release|Any CPU
	EndGlobalSection
	GlobalSection(ProjectConfigurationPlatforms) = postSolution
		{6F2966A3-25FB-406E-8D36-4C2960FF8F4C}.Debug|Any CPU.ActiveCfg = Debug|Any CPU
		{6F2966A3-25FB-406E-8D36-4C2960FF8F4C}.Debug|Any CPU.Build.0 = Debug|Any CPU
		{6F2966A3-25FB-406E-8D36-4C2960FF8F4C}.Release|Any CPU.ActiveCfg = Release|Any CPU
		{6F2966A3-25FB-406E-8D36-4C2960FF8F4C}.Release|Any CPU.Build.0 = Release|Any CPU
		{49635B6F-4631-4947-8342-0431A43CCC38}.Debug|Any CPU.ActiveCfg = Debug|Any CPU
		{49635B6F-4631-4947-8342-0431A43CCC38}.Debug|Any CPU.Build.0 = Debug|Any CPU
		{49635B6F-4631-4947-8342-0431A43CCC38}.Release|Any CPU.ActiveCfg = Release|Any CPU
		{49635B6F-4631-4947-8342-0431A43CCC38}.Release|Any CPU.Build.0 = Release|Any CPU
		{D80FAC8F-E1FE-468B-9FC7-60E07F8EFB23}.Debug|Any CPU.ActiveCfg = Debug|Any CPU
		{D80FAC8F-E1FE-468B-9FC7-60E07F8EFB23}.Debug|Any CPU.Build.0 = Debug|Any CPU
		{D80FAC8F-E1FE-468B-9FC7-60E07F8EFB23}.Release|Any CPU.ActiveCfg = Release|Any CPU
		{D80FAC8F-E1FE-468B-9FC7-60E07F8EFB23}.Release|Any CPU.Build.0 = Release|Any CPU
		{26336117-A018-4083-9498-09B2EE669CAB}.Debug|Any CPU.ActiveCfg = Debug|Any CPU
		{26336117-A018-4083-9498-09B2EE669CAB}.Debug|Any CPU.Build.0 = Debug|Any CPU
		{26336117-A018-4083-9498-09B2EE669CAB}.Release|Any CPU.ActiveCfg = Release|Any CPU
		{26336117-A018-4083-9498-09B2EE669CAB}.Release|Any CPU.Build.0 = Release|Any CPU
		{1A9F43B8-C3F3-46D3-9E59-C790C0712923}.Debug|Any CPU.ActiveCfg = Debug|Any CPU
		{1A9F43B8-C3F3-46D3-9E59-C790C0712923}.Debug|Any CPU.Build.0 = Debug|Any CPU
		{1A9F43B8-C3F3-46D3-9E59-C790C0712923}.Release|Any CPU.ActiveCfg = Release|Any CPU
		{1A9F43B8-C3F3-46D3-9E59-C790C0712923}.Release|Any CPU.Build.0 = Release|Any CPU
		{E8AF59BB-9EB5-43AA-A117-E817DC663309}.Debug|Any CPU.ActiveCfg = Debug|Any CPU
		{E8AF59BB-9EB5-43AA-A117-E817DC663309}.Debug|Any CPU.Build.0 = Debug|Any CPU
		{E8AF59BB-9EB5-43AA-A117-E817DC663309}.Release|Any CPU.ActiveCfg = Release|Any CPU
		{E8AF59BB-9EB5-43AA-A117-E817DC663309}.Release|Any CPU.Build.0 = Release|Any CPU
	EndGlobalSection
	GlobalSection(SolutionProperties) = preSolution
		HideSolutionNode = FALSE
	EndGlobalSection
	GlobalSection(ExtensibilityGlobals) = postSolution
		SolutionGuid = {DB9470CC-2253-48E4-A6A3-C99F260E1C4F}
	EndGlobalSection
EndGlobal
